
Microsoft Visual Studio Solution File, Format Version 12.00
# Visual Studio Version 17
VisualStudioVersion = 17.14.36623.8 d17.14
MinimumVisualStudioVersion = 10.0.40219.1
Project("{FAE04EC0-301F-11D3-BF4B-00C04F79EFBC}") = "MyBGList", "MyBGList\MyBGList.csproj", "{063E1213-58A5-4AA9-A7D6-98876AD3C2FC}"
EndProject
Global
	GlobalSection(SolutionConfigurationPlatforms) = preSolution
		Debug|Any CPU = Debug|Any CPU
		Release|Any CPU = Release|Any CPU
	EndGlobalSection
	GlobalSection(ProjectConfigurationPlatforms) = postSolution
		{063E1213-58A5-4AA9-A7D6-98876AD3C2FC}.Debug|Any CPU.ActiveCfg = Debug|Any CPU
		{063E1213-58A5-4AA9-A7D6-98876AD3C2FC}.Debug|Any CPU.Build.0 = Debug|Any CPU
		{063E1213-58A5-4AA9-A7D6-98876AD3C2FC}.Release|Any CPU.ActiveCfg = Release|Any CPU
		{063E1213-58A5-4AA9-A7D6-98876AD3C2FC}.Release|Any CPU.Build.0 = Release|Any CPU
	EndGlobalSection
	GlobalSection(SolutionProperties) = preSolution
		HideSolutionNode = FALSE
	EndGlobalSection
	GlobalSection(ExtensibilityGlobals) = postSolution
		SolutionGuid = {26B1DB06-A8EC-4931-9F87-97C9BFF70A26}
	EndGlobalSection
EndGlobal
